
Microsoft Visual Studio Solution File, Format Version 12.00
# Visual Studio Version 16
VisualStudioVersion = 16.0.31911.196
MinimumVisualStudioVersion = 10.0.40219.1
Project("{00D1A9C2-B5F0-4AF3-8072-F6C62B433612}") = "MistDB", "MistDB\MistDB.sqlproj", "{3F12521C-69A9-40E4-842C-8E4F1BCD46A9}"
EndProject
Global
	GlobalSection(SolutionConfigurationPlatforms) = preSolution
		Debug|Any CPU = Debug|Any CPU
		Release|Any CPU = Release|Any CPU
	EndGlobalSection
	GlobalSection(ProjectConfigurationPlatforms) = postSolution
		{3F12521C-69A9-40E4-842C-8E4F1BCD46A9}.Debug|Any CPU.ActiveCfg = Debug|Any CPU
		{3F12521C-69A9-40E4-842C-8E4F1BCD46A9}.Debug|Any CPU.Build.0 = Debug|Any CPU
		{3F12521C-69A9-40E4-842C-8E4F1BCD46A9}.Debug|Any CPU.Deploy.0 = Debug|Any CPU
		{3F12521C-69A9-40E4-842C-8E4F1BCD46A9}.Release|Any CPU.ActiveCfg = Release|Any CPU
		{3F12521C-69A9-40E4-842C-8E4F1BCD46A9}.Release|Any CPU.Build.0 = Release|Any CPU
		{3F12521C-69A9-40E4-842C-8E4F1BCD46A9}.Release|Any CPU.Deploy.0 = Release|Any CPU
	EndGlobalSection
	GlobalSection(SolutionProperties) = preSolution
		HideSolutionNode = FALSE
	EndGlobalSection
	GlobalSection(ExtensibilityGlobals) = postSolution
		SolutionGuid = {3721727D-02AC-4080-87AF-1195CBCCC966}
	EndGlobalSection
EndGlobal
